{
  "name": "nsamdr-eve-asset-converter",
  "lockfileVersion": 3,
  "requires": true,
  "packages": {
    "": {
      "name": "nsamdr-eve-asset-converter",
      "dependencies": {
        "@carbonenginejs/runtime-resource": "0.9.2"
      },
      "engines": {
        "node": ">=18"
      }
    },
    "node_modules/@carbonenginejs/runtime-resource": {
      "version": "0.9.2",
      "resolved": "https://registry.npmjs.org/@carbonenginejs/runtime-resource/-/runtime-resource-0.9.2.tgz",
      "integrity": "sha512-FGGODU5S/+u4SFMpSvDxJezN6LQ5QJf6LQFf1/jjVKFnRf/+Bnie1VesED4RgnIALhJqHBga2U3OMbSt+w3GQA==",
      "license": "MIT",
      "dependencies": {
        "@carbonenginejs/runtime-utils": "^0.1.0",
        "meshoptimizer": "^1.2.0",
        "yaml": "^2.4.0"
      },
      "engines": {
        "node": ">=18"
      }
    },
    "node_modules/@carbonenginejs/runtime-utils": {
      "version": "0.1.1",
      "resolved": "https://registry.npmjs.org/@carbonenginejs/runtime-utils/-/runtime-utils-0.1.1.tgz",
      "integrity": "sha512-i8L6t90hbTIefku/A/97e5xOk96li3L82B+ZnkQivbtTkrNlx6NVecdGgjmyF9Aisgwkrk4VtBmPBpQaTy2/Uw==",
      "license": "MIT",
      "dependencies": {
        "gl-matrix": "^3.4.4"
      },
      "engines": {
        "node": ">=18"
      }
    },
    "node_modules/gl-matrix": {
      "version": "3.4.4",
      "resolved": "https://registry.npmjs.org/gl-matrix/-/gl-matrix-3.4.4.tgz",
      "integrity": "sha512-latSnyDNt/8zYUB6VIJ6PCh2jBjJX6gnDsoCZ7LyW7GkqrD51EWwa9qCoGixj8YqBtETQK/xY7OmpTF8xz1DdQ==",
      "license": "MIT"
    },
    "node_modules/meshoptimizer": {
      "version": "1.2.0",
      "resolved": "https://registry.npmjs.org/meshoptimizer/-/meshoptimizer-1.2.0.tgz",
      "integrity": "sha512-davRZeIJbxJrE24cwQle7ZDsxjdk/OphNOV83oX+efQinyoHY9Jcyz3MHbaoG0qySZajldGztNZ1RN/T19PZsg==",
      "license": "MIT"
    },
    "node_modules/yaml": {
      "version": "2.9.0",
      "resolved": "https://registry.npmjs.org/yaml/-/yaml-2.9.0.tgz",
      "integrity": "sha512-2AvhNX3mb8zd6Zy7INTtSpl1F15HW6Wnqj0srWlkKLcpYl/gMIMJiyuGq2KeI2YFxUPjdlB+3Lc10seMLtL4cA==",
      "license": "ISC",
      "bin": {
        "yaml": "bin.mjs"
      },
      "engines": {
        "node": ">= 14.6"
      },
      "funding": {
        "url": "https://github.com/sponsors/eemeli"
      }
    }
  }
}
